
Microsoft Visual Studio Solution File, Format Version 12.00
# Visual Studio Version 16
VisualStudioVersion = 16.0.30804.86
MinimumVisualStudioVersion = 10.0.40219.1
Project("{FAE04EC0-301F-11D3-BF4B-00C04F79EFBC}") = "WebAPI", "WebAPI\WebAPI.csproj", "{99A9EF90-99D6-4F7D-B323-9A1FECBC3210}"
EndProject
Global
	GlobalSection(SolutionConfigurationPlatforms) = preSolution
		Debug|Any CPU = Debug|Any CPU
		Release|Any CPU = Release|Any CPU
	EndGlobalSection
	GlobalSection(ProjectConfigurationPlatforms) = postSolution
		{99A9EF90-99D6-4F7D-B323-9A1FECBC3210}.Debug|Any CPU.ActiveCfg = Debug|Any CPU
		{99A9EF90-99D6-4F7D-B323-9A1FECBC3210}.Debug|Any CPU.Build.0 = Debug|Any CPU
		{99A9EF90-99D6-4F7D-B323-9A1FECBC3210}.Release|Any CPU.ActiveCfg = Release|Any CPU
		{99A9EF90-99D6-4F7D-B323-9A1FECBC3210}.Release|Any CPU.Build.0 = Release|Any CPU
	EndGlobalSection
	GlobalSection(SolutionProperties) = preSolution
		HideSolutionNode = FALSE
	EndGlobalSection
	GlobalSection(ExtensibilityGlobals) = postSolution
		SolutionGuid = {8FF5AD59-8424-4478-B8D7-E85156DBD4B1}
	EndGlobalSection
EndGlobal
